
Microsoft Visual Studio Solution File, Format Version 12.00
# Visual Studio 14
VisualStudioVersion = 14.0.25420.1
MinimumVisualStudioVersion = 10.0.40219.1
Project("{8BC9CEB8-8B4A-11D0-8D11-00A0C91BC942}") = "RPi", "RPi\RPi.vcxproj", "{6557ADAA-1A07-4C1D-90E7-D88729502AE0}"
EndProject
Global
	GlobalSection(SolutionConfigurationPlatforms) = preSolution
		Pi 0|ARM = Pi 0|ARM
		Pi 1|ARM = Pi 1|ARM
		Pi 2|ARM = Pi 2|ARM
		Pi 3|ARM = Pi 3|ARM
	EndGlobalSection
	GlobalSection(ProjectConfigurationPlatforms) = postSolution
		{6557ADAA-1A07-4C1D-90E7-D88729502AE0}.Pi 0|ARM.ActiveCfg = Pi 0|ARM
		{6557ADAA-1A07-4C1D-90E7-D88729502AE0}.Pi 0|ARM.Build.0 = Pi 0|ARM
		{6557ADAA-1A07-4C1D-90E7-D88729502AE0}.Pi 1|ARM.ActiveCfg = Pi 1|ARM
		{6557ADAA-1A07-4C1D-90E7-D88729502AE0}.Pi 1|ARM.Build.0 = Pi 1|ARM
		{6557ADAA-1A07-4C1D-90E7-D88729502AE0}.Pi 2|ARM.ActiveCfg = Pi 2|ARM
		{6557ADAA-1A07-4C1D-90E7-D88729502AE0}.Pi 2|ARM.Build.0 = Pi 2|ARM
		{6557ADAA-1A07-4C1D-90E7-D88729502AE0}.Pi 3|ARM.ActiveCfg = Pi 3|ARM
		{6557ADAA-1A07-4C1D-90E7-D88729502AE0}.Pi 3|ARM.Build.0 = Pi 3|ARM
	EndGlobalSection
	GlobalSection(SolutionProperties) = preSolution
		HideSolutionNode = FALSE
	EndGlobalSection
EndGlobal
